
Microsoft Visual Studio Solution File, Format Version 12.00
# Visual Studio Version 16
VisualStudioVersion = 16.0.30503.244
MinimumVisualStudioVersion = 10.0.40219.1
Project("{FAE04EC0-301F-11D3-BF4B-00C04F79EFBC}") = "SlackEmojiCreator", "SlackEmojiCreator\SlackEmojiCreator.csproj", "{A3BFEAD9-D583-4873-9D5F-5A8DB750CE4B}"
EndProject
Global
	GlobalSection(SolutionConfigurationPlatforms) = preSolution
		Debug|Any CPU = Debug|Any CPU
		Release|Any CPU = Release|Any CPU
	EndGlobalSection
	GlobalSection(ProjectConfigurationPlatforms) = postSolution
		{A3BFEAD9-D583-4873-9D5F-5A8DB750CE4B}.Debug|Any CPU.ActiveCfg = Debug|Any CPU
		{A3BFEAD9-D583-4873-9D5F-5A8DB750CE4B}.Debug|Any CPU.Build.0 = Debug|Any CPU
		{A3BFEAD9-D583-4873-9D5F-5A8DB750CE4B}.Release|Any CPU.ActiveCfg = Release|Any CPU
		{A3BFEAD9-D583-4873-9D5F-5A8DB750CE4B}.Release|Any CPU.Build.0 = Release|Any CPU
	EndGlobalSection
	GlobalSection(SolutionProperties) = preSolution
		HideSolutionNode = FALSE
	EndGlobalSection
	GlobalSection(ExtensibilityGlobals) = postSolution
		SolutionGuid = {0DD26AC2-FE89-4005-85EE-F1533CE37EA3}
	EndGlobalSection
EndGlobal
